
Microsoft Visual Studio Solution File, Format Version 12.00
# Visual Studio Version 17
VisualStudioVersion = 17.7.34221.43
MinimumVisualStudioVersion = 10.0.40219.1
Project("{9A19103F-16F7-4668-BE54-9A1E7A4F7556}") = "ReinosAcoWebApp", "ReinosAcoWebApp.csproj", "{44F38E4A-D9F3-4E28-AF79-F07D4ABC3452}"
EndProject
Global
	GlobalSection(SolutionConfigurationPlatforms) = preSolution
		Debug|Any CPU = Debug|Any CPU
		Release|Any CPU = Release|Any CPU
	EndGlobalSection
	GlobalSection(ProjectConfigurationPlatforms) = postSolution
		{44F38E4A-D9F3-4E28-AF79-F07D4ABC3452}.Debug|Any CPU.ActiveCfg = Debug|Any CPU
		{44F38E4A-D9F3-4E28-AF79-F07D4ABC3452}.Debug|Any CPU.Build.0 = Debug|Any CPU
		{44F38E4A-D9F3-4E28-AF79-F07D4ABC3452}.Release|Any CPU.ActiveCfg = Release|Any CPU
		{44F38E4A-D9F3-4E28-AF79-F07D4ABC3452}.Release|Any CPU.Build.0 = Release|Any CPU
	EndGlobalSection
	GlobalSection(SolutionProperties) = preSolution
		HideSolutionNode = FALSE
	EndGlobalSection
	GlobalSection(ExtensibilityGlobals) = postSolution
		SolutionGuid = {7AA7CE37-AFA2-4F61-BEF2-D52516AE2B80}
	EndGlobalSection
EndGlobal
